
Microsoft Visual Studio Solution File, Format Version 12.00
# Visual Studio 15
VisualStudioVersion = 15.0.27004.2008
MinimumVisualStudioVersion = 10.0.40219.1
Project("{FAE04EC0-301F-11D3-BF4B-00C04F79EFBC}") = "mvcapplication", "mvcapplication\mvcapplication.csproj", "{B8ABC964-AD57-4B6E-8DBF-209CC8BBDD0E}"
EndProject
Global
	GlobalSection(SolutionConfigurationPlatforms) = preSolution
		Debug|Any CPU = Debug|Any CPU
		Release|Any CPU = Release|Any CPU
	EndGlobalSection
	GlobalSection(ProjectConfigurationPlatforms) = postSolution
		{B8ABC964-AD57-4B6E-8DBF-209CC8BBDD0E}.Debug|Any CPU.ActiveCfg = Debug|Any CPU
		{B8ABC964-AD57-4B6E-8DBF-209CC8BBDD0E}.Debug|Any CPU.Build.0 = Debug|Any CPU
		{B8ABC964-AD57-4B6E-8DBF-209CC8BBDD0E}.Release|Any CPU.ActiveCfg = Release|Any CPU
		{B8ABC964-AD57-4B6E-8DBF-209CC8BBDD0E}.Release|Any CPU.Build.0 = Release|Any CPU
	EndGlobalSection
	GlobalSection(SolutionProperties) = preSolution
		HideSolutionNode = FALSE
	EndGlobalSection
	GlobalSection(ExtensibilityGlobals) = postSolution
		SolutionGuid = {9E3685DA-AFED-4F73-8D81-8A1C88D167B5}
	EndGlobalSection
EndGlobal
